{
  "name": "ds_sequences",
  "version": "1.0.0",
  "lockfileVersion": 3,
  "requires": true,
  "packages": {
    "": {
      "name": "ds_sequences",
      "version": "1.0.0",
      "license": "ISC",
      "dependencies": {
        "highs": "^0.7.3"
      }
    },
    "node_modules/highs": {
      "version": "0.7.3",
      "resolved": "https://registry.npmjs.org/highs/-/highs-0.7.3.tgz",
      "integrity": "sha512-oNiU1LuqU7vjEfgwCRKxPUgk11Ut07qCH1pIXMPgQ74D8yYmFYZXqV8lIx2sF5nQZ9IZh+7x2dloEnvX48YBLQ=="
    }
  }
}
