{
  "name": "ds_sequences",
  "version": "1.0.0",
  "lockfileVersion": 3,
  "requires": true,
  "packages": {
    "": {
      "name": "ds_sequences",
      "version": "1.0.0",
      "license": "ISC",
      "dependencies": {
        "highs": "^0.7.3",
        "nerdamer": "^1.1.13"
      }
    },
    "node_modules/highs": {
      "version": "0.7.3",
      "resolved": "https://registry.npmjs.org/highs/-/highs-0.7.3.tgz",
      "integrity": "sha512-oNiU1LuqU7vjEfgwCRKxPUgk11Ut07qCH1pIXMPgQ74D8yYmFYZXqV8lIx2sF5nQZ9IZh+7x2dloEnvX48YBLQ=="
    },
    "node_modules/nerdamer": {
      "version": "1.1.13",
      "resolved": "https://registry.npmjs.org/nerdamer/-/nerdamer-1.1.13.tgz",
      "integrity": "sha512-kQGQYd42eQpKDOnU8ZnRKF47c+gK6jVC46eUchrABsovtFruHvsjyjBO32jck8QnpZE5z5R8HQw72hQX9Oq2MQ==",
      "engines": {
        "node": ">=0.10.0"
      }
    }
  }
}
